{
  "requires": true,
  "lockfileVersion": 1,
  "dependencies": {
    "datatables.net": {
      "version": "1.10.20",
      "resolved": "https://registry.npmjs.org/datatables.net/-/datatables.net-1.10.20.tgz",
      "integrity": "sha512-4E4S7tTU607N3h0fZPkGmAtr9mwy462u+VJ6gxYZ8MxcRIjZqHy3Dv1GNry7i3zQCktTdWbULVKBbkAJkuHEnQ==",
      "requires": {
        "jquery": ">=1.7"
      }
    },
    "datatables.net-zf": {
      "version": "1.10.20",
      "resolved": "https://registry.npmjs.org/datatables.net-zf/-/datatables.net-zf-1.10.20.tgz",
      "integrity": "sha512-UYi5LqdjkwGxuljGMhJpxuZMrUKZ6BWDeXaEZe+Y53B+s5bf9+z1KZaqqv+jP6ClAQ8LF0ftc5yDAA1l0Qc/FA==",
      "requires": {
        "datatables.net": "1.10.20",
        "jquery": ">=1.7"
      }
    },
    "foundation-icons": {
      "version": "1.0.1",
      "resolved": "https://registry.npmjs.org/foundation-icons/-/foundation-icons-1.0.1.tgz",
      "integrity": "sha1-AGqOeAjOlk4DJvD0xJ1lPUhAxN8="
    },
    "foundation-sites": {
      "version": "6.5.3",
      "resolved": "https://registry.npmjs.org/foundation-sites/-/foundation-sites-6.5.3.tgz",
      "integrity": "sha512-ZwI0idjHHjezh6jRjpPxkczvmtUuJ1uGatZHpyloX0MvsFHfM0BFoxrqdXryXugGPdmb+yJi3JYMnz6+5t3K1A=="
    },
    "jquery": {
      "version": "3.4.1",
      "resolved": "https://registry.npmjs.org/jquery/-/jquery-3.4.1.tgz",
      "integrity": "sha512-36+AdBzCL+y6qjw5Tx7HgzeGCzC81MDDgaUP8ld2zhx58HdqXGoBd+tHdrBMiyjGQs0Hxs/MLZTu/eHNJJuWPw=="
    },
    "what-input": {
      "version": "5.2.4",
      "resolved": "https://registry.npmjs.org/what-input/-/what-input-5.2.4.tgz",
      "integrity": "sha512-syqVipJYgBCAZaDLRr0WEA7qJhsMmTBzxXxBLEDmfRWKT+WcXUPdVcZGpaToLGx2I0r7J8kbt+nCo1/Za7d4EA=="
    }
  }
}
